<?xml version="1.0" encoding="UTF-8" standalone="yes" ?>
<CodeBlocks_project_file>
	<FileVersion major="1" minor="6" />
	<Project>
		<Option title="jlint" />
		<Option pch_mode="2" />
		<Option compiler="gcc" />
		<Build>
			<Target title="Win32 Release">
				<Option output="C:/Data/Software/jlintplus/jlintwin32/jlint/Release/jlint" prefix_auto="1" extension_auto="1" />
				<Option object_output="Release" />
				<Option type="1" />
				<Option compiler="msvc10" />
				<Compiler>
					<Add option="-O2" />
					<Add option="-DWIN32" />
					<Add option="-DNDEBUG" />
					<Add option="-D_CONSOLE" />
					<Add option="-D_MBCS" />
					<Add option="-D_DEBUG" />
					<Add option="-DMY_MSVC" />
					<Add option="-DVISUAL_CPP" />
					<Add option="/DWIN32" />
					<Add option="/DNDEBUG" />
					<Add option="/D_CONSOLE" />
					<Add option="/D_DEBUG" />
					<Add directory="../../../imageplus/zlib" />
				</Compiler>
				<Linker>
					<Add library="kernel32" />
					<Add library="user32" />
					<Add library="gdi32" />
					<Add library="winspool" />
					<Add library="comdlg32" />
					<Add library="advapi32" />
					<Add library="shell32" />
					<Add library="ole32" />
					<Add library="oleaut32" />
					<Add library="uuid" />
					<Add library="odbc32" />
					<Add library="odbccp32" />
					<Add library="../../../imageplus/libimageplus.lib" />
				</Linker>
			</Target>
			<Target title="Win32 Debug">
				<Option output="C:/Data/Software/jlintplus/jlintwin32/jlint/Debug/jlint" prefix_auto="1" extension_auto="1" />
				<Option object_output="Debug" />
				<Option type="1" />
				<Option compiler="gcc" />
				<Compiler>
					<Add option="-Wall" />
					<Add option="-g" />
					<Add option="-W" />
					<Add option="-fexceptions" />
					<Add directory="../../../imageplus/zlib" />
				</Compiler>
				<Linker>
					<Add library="kernel32" />
					<Add library="user32" />
					<Add library="gdi32" />
					<Add library="winspool" />
					<Add library="comdlg32" />
					<Add library="advapi32" />
					<Add library="shell32" />
					<Add library="ole32" />
					<Add library="oleaut32" />
					<Add library="uuid" />
					<Add library="odbc32" />
					<Add library="odbccp32" />
					<Add library="../../../imageplus/libimageplus.a" />
				</Linker>
			</Target>
			<Target title="Release Mac">
				<Option output="C:/Data/Software/jlintplus/jlintwin32/jlint/Release Mac/jlint" prefix_auto="1" extension_auto="1" />
				<Option object_output="Release Mac" />
				<Option type="1" />
				<Option compiler="clang" />
				<Compiler>
					<Add option="-O2" />
					<Add option="-Weverything" />
					<Add option="-fexceptions" />
					<Add option="-DWIN32" />
					<Add option="-DNDEBUG" />
					<Add option="-D_CONSOLE" />
					<Add option="-D_MBCS" />
					<Add option="-D_DEBUG" />
					<Add directory="../../../imageplus/zlib" />
				</Compiler>
				<Linker>
					<Add library="kernel32" />
					<Add library="user32" />
					<Add library="gdi32" />
					<Add library="winspool" />
					<Add library="comdlg32" />
					<Add library="advapi32" />
					<Add library="shell32" />
					<Add library="ole32" />
					<Add library="oleaut32" />
					<Add library="uuid" />
					<Add library="odbc32" />
					<Add library="odbccp32" />
					<Add library="../../../imageplus/libimageplusmac.a" />
				</Linker>
			</Target>
			<Target title="ReleaseMinGW">
				<Option output="C:/Data/Software/jlintplus/jlintwin32/jlint/ReleaseMinGW/jlint" prefix_auto="1" extension_auto="1" />
				<Option object_output="ReleaseMinGW" />
				<Option type="1" />
				<Option compiler="gcc" />
				<Option parameters="test.java" />
				<Compiler>
					<Add option="-O2" />
					<Add option="-Wextra" />
					<Add option="-Wall" />
					<Add option="-W" />
					<Add option="-fexceptions" />
					<Add option="-DWIN32" />
					<Add option="-DNDEBUG" />
					<Add option="-D_CONSOLE" />
					<Add option="-D_MBCS" />
					<Add option="-D_DEBUG" />
					<Add directory="../../../imageplus/zlib" />
				</Compiler>
				<Linker>
					<Add library="kernel32" />
					<Add library="user32" />
					<Add library="gdi32" />
					<Add library="winspool" />
					<Add library="comdlg32" />
					<Add library="advapi32" />
					<Add library="shell32" />
					<Add library="ole32" />
					<Add library="oleaut32" />
					<Add library="uuid" />
					<Add library="odbc32" />
					<Add library="odbccp32" />
					<Add library="../../../imageplus/libimageplus.a" />
				</Linker>
			</Target>
		</Build>
		<Unit filename="../../BUGS" />
		<Unit filename="../../CHANGELOG" />
		<Unit filename="../../COPYING" />
		<Unit filename="../../README" />
		<Unit filename="../../TODO" />
		<Unit filename="../../access_desc.cc" />
		<Unit filename="../../access_desc.hh" />
		<Unit filename="../../callee_desc.cc" />
		<Unit filename="../../callee_desc.hh" />
		<Unit filename="../../class_desc.cc" />
		<Unit filename="../../class_desc.hh" />
		<Unit filename="../../component_desc.hh" />
		<Unit filename="../../constant.hh" />
		<Unit filename="../../field_desc.hh" />
		<Unit filename="../../functions.hh" />
		<Unit filename="../../graph.cc" />
		<Unit filename="../../graph.hh" />
		<Unit filename="../../inlines.hh" />
		<Unit filename="../../jlint.cc" />
		<Unit filename="../../jlint.hh" />
		<Unit filename="../../local_context.cc" />
		<Unit filename="../../local_context.hh" />
		<Unit filename="../../locks.cc" />
		<Unit filename="../../locks.hh" />
		<Unit filename="../../message_node.cc" />
		<Unit filename="../../message_node.hh" />
		<Unit filename="../../method_desc.cc" />
		<Unit filename="../../method_desc.hh" />
		<Unit filename="../../overridden_method.hh" />
		<Unit filename="../../string_pool.hh" />
		<Unit filename="../../types.hh" />
		<Unit filename="../../utf_string.hh" />
		<Unit filename="../../var_desc.hh" />
		<Unit filename="version.h" />
		<Extensions>
			<code_completion />
			<envvars />
			<debugger />
			<AutoVersioning>
				<Scheme minor_max="10" build_max="0" rev_max="0" rev_rand_max="10" build_times_to_increment_minor="100" />
				<Settings autoincrement="1" date_declarations="1" use_define="0" update_manifest="1" do_auto_increment="0" ask_to_increment="0" language="C++" svn="0" svn_directory="" header_path="version.h" />
				<Changes_Log show_changes_editor="0" app_title="released version %M.%m.%b of %p" changeslog_path="ChangesLog.txt" />
				<Code header_guard="VERSION_H" namespace="AutoVersion" prefix="" />
			</AutoVersioning>
		</Extensions>
	</Project>
</CodeBlocks_project_file>
